
Microsoft Visual Studio Solution File, Format Version 10.00
# Visual Studio 2008
Project("{8BC9CEB8-8B4A-11D0-8D11-00A0C91BC942}") = "SelfOrganizedList", "SelfOrganizedList\SelfOrganizedList.vcproj", "{02080A8E-08CB-4222-BF50-7CBF7B7D6597}"
EndProject
Global
	GlobalSection(SolutionConfigurationPlatforms) = preSolution
		Debug|Win32 = Debug|Win32
		Release|Win32 = Release|Win32
	EndGlobalSection
	GlobalSection(ProjectConfigurationPlatforms) = postSolution
		{02080A8E-08CB-4222-BF50-7CBF7B7D6597}.Debug|Win32.ActiveCfg = Debug|Win32
		{02080A8E-08CB-4222-BF50-7CBF7B7D6597}.Debug|Win32.Build.0 = Debug|Win32
		{02080A8E-08CB-4222-BF50-7CBF7B7D6597}.Release|Win32.ActiveCfg = Release|Win32
		{02080A8E-08CB-4222-BF50-7CBF7B7D6597}.Release|Win32.Build.0 = Release|Win32
	EndGlobalSection
	GlobalSection(SolutionProperties) = preSolution
		HideSolutionNode = FALSE
	EndGlobalSection
EndGlobal
